
Microsoft Visual Studio Solution File, Format Version 12.00
# Visual Studio 2012
Project("{8BC9CEB8-8B4A-11D0-8D11-00A0C91BC942}") = "MainProcessor", "MainProcessor\MainProcessor.vcxproj", "{1B7E3756-DEC6-4CBA-A8F4-7D4E0AD24A34}"
EndProject
Project("{8BC9CEB8-8B4A-11D0-8D11-00A0C91BC942}") = "BillProcessor", "BillProcessor\BillProcessor.vcxproj", "{3025884A-5CD0-4F3C-81C9-6FE7D2AC448A}"
EndProject
Project("{8BC9CEB8-8B4A-11D0-8D11-00A0C91BC942}") = "ImageProcessor", "ImageProcessor\ImageProcessor.vcxproj", "{C94D5EB1-05CD-428E-A130-F59776F54481}"
EndProject
Project("{8BC9CEB8-8B4A-11D0-8D11-00A0C91BC942}") = "RechargeProcessor", "RechargeProcessor\RechargeProcessor.vcxproj", "{9D3F5A4F-443C-4D56-9443-47774D28054E}"
EndProject
Project("{8BC9CEB8-8B4A-11D0-8D11-00A0C91BC942}") = "CoinProcessor", "CoinProcessor\CoinProcessor.vcxproj", "{A6271297-8E89-4DA8-A707-A8821B276CE9}"
EndProject
Global
	GlobalSection(SolutionConfigurationPlatforms) = preSolution
		Debug|Win32 = Debug|Win32
		Release|Win32 = Release|Win32
	EndGlobalSection
	GlobalSection(ProjectConfigurationPlatforms) = postSolution
		{1B7E3756-DEC6-4CBA-A8F4-7D4E0AD24A34}.Debug|Win32.ActiveCfg = Debug|Win32
		{1B7E3756-DEC6-4CBA-A8F4-7D4E0AD24A34}.Debug|Win32.Build.0 = Debug|Win32
		{1B7E3756-DEC6-4CBA-A8F4-7D4E0AD24A34}.Release|Win32.ActiveCfg = Release|Win32
		{1B7E3756-DEC6-4CBA-A8F4-7D4E0AD24A34}.Release|Win32.Build.0 = Release|Win32
		{3025884A-5CD0-4F3C-81C9-6FE7D2AC448A}.Debug|Win32.ActiveCfg = Debug|Win32
		{3025884A-5CD0-4F3C-81C9-6FE7D2AC448A}.Debug|Win32.Build.0 = Debug|Win32
		{3025884A-5CD0-4F3C-81C9-6FE7D2AC448A}.Release|Win32.ActiveCfg = Release|Win32
		{3025884A-5CD0-4F3C-81C9-6FE7D2AC448A}.Release|Win32.Build.0 = Release|Win32
		{C94D5EB1-05CD-428E-A130-F59776F54481}.Debug|Win32.ActiveCfg = Debug|Win32
		{C94D5EB1-05CD-428E-A130-F59776F54481}.Debug|Win32.Build.0 = Debug|Win32
		{C94D5EB1-05CD-428E-A130-F59776F54481}.Release|Win32.ActiveCfg = Release|Win32
		{C94D5EB1-05CD-428E-A130-F59776F54481}.Release|Win32.Build.0 = Release|Win32
		{9D3F5A4F-443C-4D56-9443-47774D28054E}.Debug|Win32.ActiveCfg = Debug|Win32
		{9D3F5A4F-443C-4D56-9443-47774D28054E}.Debug|Win32.Build.0 = Debug|Win32
		{9D3F5A4F-443C-4D56-9443-47774D28054E}.Release|Win32.ActiveCfg = Release|Win32
		{9D3F5A4F-443C-4D56-9443-47774D28054E}.Release|Win32.Build.0 = Release|Win32
		{A6271297-8E89-4DA8-A707-A8821B276CE9}.Debug|Win32.ActiveCfg = Debug|Win32
		{A6271297-8E89-4DA8-A707-A8821B276CE9}.Debug|Win32.Build.0 = Debug|Win32
		{A6271297-8E89-4DA8-A707-A8821B276CE9}.Release|Win32.ActiveCfg = Release|Win32
		{A6271297-8E89-4DA8-A707-A8821B276CE9}.Release|Win32.Build.0 = Release|Win32
	EndGlobalSection
	GlobalSection(SolutionProperties) = preSolution
		HideSolutionNode = FALSE
	EndGlobalSection
EndGlobal
